// !$*UTF8*$!
{
	archiveVersion = 1;
	classes = {
	};
	objectVersion = 56;
	objects = {

/* Begin PBXBuildFile section */
		D253E1E82BF0DED10016E19E /* AppDelegate.swift in Sources */ = {isa = PBXBuildFile; fileRef = D253E1E72BF0DED10016E19E /* AppDelegate.swift */; };
		D253E1EA2BF0DED10016E19E /* SceneDelegate.swift in Sources */ = {isa = PBXBuildFile; fileRef = D253E1E92BF0DED10016E19E /* SceneDelegate.swift */; };
		D253E1EC2BF0DED10016E19E /* ViewController.swift in Sources */ = {isa = PBXBuildFile; fileRef = D253E1EB2BF0DED10016E19E /* ViewController.swift */; };
		D253E1EF2BF0DED10016E19E /* Main.storyboard in Resources */ = {isa = PBXBuildFile; fileRef = D253E1ED2BF0DED10016E19E /* Main.storyboard */; };
		D253E1F12BF0DED30016E19E /* Assets.xcassets in Resources */ = {isa = PBXBuildFile; fileRef = D253E1F02BF0DED30016E19E /* Assets.xcassets */; };
		D253E1F42BF0DED30016E19E /* LaunchScreen.storyboard in Resources */ = {isa = PBXBuildFile; fileRef = D253E1F22BF0DED30016E19E /* LaunchScreen.storyboard */; };
		D253E1FF2BF0DED40016E19E /* UIKit_IntroTests.swift in Sources */ = {isa = PBXBuildFile; fileRef = D253E1FE2BF0DED40016E19E /* UIKit_IntroTests.swift */; };
		D253E2092BF0DED40016E19E /* UIKit_IntroUITests.swift in Sources */ = {isa = PBXBuildFile; fileRef = D253E2082BF0DED40016E19E /* UIKit_IntroUITests.swift */; };
		D253E20B2BF0DED40016E19E /* UIKit_IntroUITestsLaunchTests.swift in Sources */ = {isa = PBXBuildFile; fileRef = D253E20A2BF0DED40016E19E /* UIKit_IntroUITestsLaunchTests.swift */; };
/* End PBXBuildFile section */

/* Begin PBXContainerItemProxy section */
		D253E1FB2BF0DED40016E19E /* PBXContainerItemProxy */ = {
			isa = PBXContainerItemProxy;
			containerPortal = D253E1DC2BF0DED10016E19E /* Project object */;
			proxyType = 1;
			remoteGlobalIDString = D253E1E32BF0DED10016E19E;
			remoteInfo = "UIKit-Intro";
		};
		D253E2052BF0DED40016E19E /* PBXContainerItemProxy */ = {
			isa = PBXContainerItemProxy;
			containerPortal = D253E1DC2BF0DED10016E19E /* Project object */;
			proxyType = 1;
			remoteGlobalIDString = D253E1E32BF0DED10016E19E;
			remoteInfo = "UIKit-Intro";
		};
/* End PBXContainerItemProxy section */

/* Begin PBXFileReference section */
		D253E1E42BF0DED10016E19E /* UIKit-Intro.app */ = {isa = PBXFileReference; explicitFileType = wrapper.application; includeInIndex = 0; path = "UIKit-Intro.app"; sourceTree = BUILT_PRODUCTS_DIR; };
		D253E1E72BF0DED10016E19E /* AppDelegate.swift */ = {isa = PBXFileReference; lastKnownFileType = sourcecode.swift; path = AppDelegate.swift; sourceTree = "<group>"; };
		D253E1E92BF0DED10016E19E /* SceneDelegate.swift */ = {isa = PBXFileReference; lastKnownFileType = sourcecode.swift; path = SceneDelegate.swift; sourceTree = "<group>"; };
		D253E1EB2BF0DED10016E19E /* ViewController.swift */ = {isa = PBXFileReference; lastKnownFileType = sourcecode.swift; path = ViewController.swift; sourceTree = "<group>"; };
		D253E1EE2BF0DED10016E19E /* Base */ = {isa = PBXFileReference; lastKnownFileType = file.storyboard; name = Base; path = Base.lproj/Main.storyboard; sourceTree = "<group>"; };
		D253E1F02BF0DED30016E19E /* Assets.xcassets */ = {isa = PBXFileReference; lastKnownFileType = folder.assetcatalog; path = Assets.xcassets; sourceTree = "<group>"; };
		D253E1F32BF0DED30016E19E /* Base */ = {isa = PBXFileReference; lastKnownFileType = file.storyboard; name = Base; path = Base.lproj/LaunchScreen.storyboard; sourceTree = "<group>"; };
		D253E1F52BF0DED30016E19E /* Info.plist */ = {isa = PBXFileReference; lastKnownFileType = text.plist.xml; path = Info.plist; sourceTree = "<group>"; };
		D253E1FA2BF0DED40016E19E /* UIKit-IntroTests.xctest */ = {isa = PBXFileReference; explicitFileType = wrapper.cfbundle; includeInIndex = 0; path = "UIKit-IntroTests.xctest"; sourceTree = BUILT_PRODUCTS_DIR; };
		D253E1FE2BF0DED40016E19E /* UIKit_IntroTests.swift */ = {isa = PBXFileReference; lastKnownFileType = sourcecode.swift; path = UIKit_IntroTests.swift; sourceTree = "<group>"; };
		D253E2042BF0DED40016E19E /* UIKit-IntroUITests.xctest */ = {isa = PBXFileReference; explicitFileType = wrapper.cfbundle; includeInIndex = 0; path = "UIKit-IntroUITests.xctest"; sourceTree = BUILT_PRODUCTS_DIR; };
		D253E2082BF0DED40016E19E /* UIKit_IntroUITests.swift */ = {isa = PBXFileReference; lastKnownFileType = sourcecode.swift; path = UIKit_IntroUITests.swift; sourceTree = "<group>"; };
		D253E20A2BF0DED40016E19E /* UIKit_IntroUITestsLaunchTests.swift */ = {isa = PBXFileReference; lastKnownFileType = sourcecode.swift; path = UIKit_IntroUITestsLaunchTests.swift; sourceTree = "<group>"; };
/* End PBXFileReference section */

/* Begin PBXFrameworksBuildPhase section */
		D253E1E12BF0DED10016E19E /* Frameworks */ = {
			isa = PBXFrameworksBuildPhase;
			buildActionMask = 2147483647;
			files = (
			);
			runOnlyForDeploymentPostprocessing = 0;
		};
		D253E1F72BF0DED40016E19E /* Frameworks */ = {
			isa = PBXFrameworksBuildPhase;
			buildActionMask = 2147483647;
			files = (
			);
			runOnlyForDeploymentPostprocessing = 0;
		};
		D253E2012BF0DED40016E19E /* Frameworks */ = {
			isa = PBXFrameworksBuildPhase;
			buildActionMask = 2147483647;
			files = (
			);
			runOnlyForDeploymentPostprocessing = 0;
		};
/* End PBXFrameworksBuildPhase section */

/* Begin PBXGroup section */
		D253E1DB2BF0DED10016E19E = {
			isa = PBXGroup;
			children = (
				D253E1E62BF0DED10016E19E /* UIKit-Intro */,
				D253E1FD2BF0DED40016E19E /* UIKit-IntroTests */,
				D253E2072BF0DED40016E19E /* UIKit-IntroUITests */,
				D253E1E52BF0DED10016E19E /* Products */,
			);
			sourceTree = "<group>";
		};
		D253E1E52BF0DED10016E19E /* Products */ = {
			isa = PBXGroup;
			children = (
				D253E1E42BF0DED10016E19E /* UIKit-Intro.app */,
				D253E1FA2BF0DED40016E19E /* UIKit-IntroTests.xctest */,
				D253E2042BF0DED40016E19E /* UIKit-IntroUITests.xctest */,
			);
			name = Products;
			sourceTree = "<group>";
		};
		D253E1E62BF0DED10016E19E /* UIKit-Intro */ = {
			isa = PBXGroup;
			children = (
				D253E1E72BF0DED10016E19E /* AppDelegate.swift */,
				D253E1E92BF0DED10016E19E /* SceneDelegate.swift */,
				D253E1EB2BF0DED10016E19E /* ViewController.swift */,
				D253E1ED2BF0DED10016E19E /* Main.storyboard */,
				D253E1F02BF0DED30016E19E /* Assets.xcassets */,
				D253E1F22BF0DED30016E19E /* LaunchScreen.storyboard */,
				D253E1F52BF0DED30016E19E /* Info.plist */,
			);
			path = "UIKit-Intro";
			sourceTree = "<group>";
		};
		D253E1FD2BF0DED40016E19E /* UIKit-IntroTests */ = {
			isa = PBXGroup;
			children = (
				D253E1FE2BF0DED40016E19E /* UIKit_IntroTests.swift */,
			);
			path = "UIKit-IntroTests";
			sourceTree = "<group>";
		};
		D253E2072BF0DED40016E19E /* UIKit-IntroUITests */ = {
			isa = PBXGroup;
			children = (
				D253E2082BF0DED40016E19E /* UIKit_IntroUITests.swift */,
				D253E20A2BF0DED40016E19E /* UIKit_IntroUITestsLaunchTests.swift */,
			);
			path = "UIKit-IntroUITests";
			sourceTree = "<group>";
		};
/* End PBXGroup section */

/* Begin PBXNativeTarget section */
		D253E1E32BF0DED10016E19E /* UIKit-Intro */ = {
			isa = PBXNativeTarget;
			buildConfigurationList = D253E20E2BF0DED40016E19E /* Build configuration list for PBXNativeTarget "UIKit-Intro" */;
			buildPhases = (
				D253E1E02BF0DED10016E19E /* Sources */,
				D253E1E12BF0DED10016E19E /* Frameworks */,
				D253E1E22BF0DED10016E19E /* Resources */,
			);
			buildRules = (
			);
			dependencies = (
			);
			name = "UIKit-Intro";
			productName = "UIKit-Intro";
			productReference = D253E1E42BF0DED10016E19E /* UIKit-Intro.app */;
			productType = "com.apple.product-type.application";
		};
		D253E1F92BF0DED40016E19E /* UIKit-IntroTests */ = {
			isa = PBXNativeTarget;
			buildConfigurationList = D253E2112BF0DED40016E19E /* Build configuration list for PBXNativeTarget "UIKit-IntroTests" */;
			buildPhases = (
				D253E1F62BF0DED40016E19E /* Sources */,
				D253E1F72BF0DED40016E19E /* Frameworks */,
				D253E1F82BF0DED40016E19E /* Resources */,
			);
			buildRules = (
			);
			dependencies = (
				D253E1FC2BF0DED40016E19E /* PBXTargetDependency */,
			);
			name = "UIKit-IntroTests";
			productName = "UIKit-IntroTests";
			productReference = D253E1FA2BF0DED40016E19E /* UIKit-IntroTests.xctest */;
			productType = "com.apple.product-type.bundle.unit-test";
		};
		D253E2032BF0DED40016E19E /* UIKit-IntroUITests */ = {
			isa = PBXNativeTarget;
			buildConfigurationList = D253E2142BF0DED40016E19E /* Build configuration list for PBXNativeTarget "UIKit-IntroUITests" */;
			buildPhases = (
				D253E2002BF0DED40016E19E /* Sources */,
				D253E2012BF0DED40016E19E /* Frameworks */,
				D253E2022BF0DED40016E19E /* Resources */,
			);
			buildRules = (
			);
			dependencies = (
				D253E2062BF0DED40016E19E /* PBXTargetDependency */,
			);
			name = "UIKit-IntroUITests";
			productName = "UIKit-IntroUITests";
			productReference = D253E2042BF0DED40016E19E /* UIKit-IntroUITests.xctest */;
			productType = "com.apple.product-type.bundle.ui-testing";
		};
/* End PBXNativeTarget section */

/* Begin PBXProject section */
		D253E1DC2BF0DED10016E19E /* Project object */ = {
			isa = PBXProject;
			attributes = {
				BuildIndependentTargetsInParallel = 1;
				LastSwiftUpdateCheck = 1520;
				LastUpgradeCheck = 1520;
				TargetAttributes = {
					D253E1E32BF0DED10016E19E = {
						CreatedOnToolsVersion = 15.2;
					};
					D253E1F92BF0DED40016E19E = {
						CreatedOnToolsVersion = 15.2;
						TestTargetID = D253E1E32BF0DED10016E19E;
					};
					D253E2032BF0DED40016E19E = {
						CreatedOnToolsVersion = 15.2;
						TestTargetID = D253E1E32BF0DED10016E19E;
					};
				};
			};
			buildConfigurationList = D253E1DF2BF0DED10016E19E /* Build configuration list for PBXProject "UIKit-Intro" */;
			compatibilityVersion = "Xcode 14.0";
			developmentRegion = en;
			hasScannedForEncodings = 0;
			knownRegions = (
				en,
				Base,
			);
			mainGroup = D253E1DB2BF0DED10016E19E;
			productRefGroup = D253E1E52BF0DED10016E19E /* Products */;
			projectDirPath = "";
			projectRoot = "";
			targets = (
				D253E1E32BF0DED10016E19E /* UIKit-Intro */,
				D253E1F92BF0DED40016E19E /* UIKit-IntroTests */,
				D253E2032BF0DED40016E19E /* UIKit-IntroUITests */,
			);
		};
/* End PBXProject section */

/* Begin PBXResourcesBuildPhase section */
		D253E1E22BF0DED10016E19E /* Resources */ = {
			isa = PBXResourcesBuildPhase;
			buildActionMask = 2147483647;
			files = (
				D253E1F42BF0DED30016E19E /* LaunchScreen.storyboard in Resources */,
				D253E1F12BF0DED30016E19E /* Assets.xcassets in Resources */,
				D253E1EF2BF0DED10016E19E /* Main.storyboard in Resources */,
			);
			runOnlyForDeploymentPostprocessing = 0;
		};
		D253E1F82BF0DED40016E19E /* Resources */ = {
			isa = PBXResourcesBuildPhase;
			buildActionMask = 2147483647;
			files = (
			);
			runOnlyForDeploymentPostprocessing = 0;
		};
		D253E2022BF0DED40016E19E /* Resources */ = {
			isa = PBXResourcesBuildPhase;
			buildActionMask = 2147483647;
			files = (
			);
			runOnlyForDeploymentPostprocessing = 0;
		};
/* End PBXResourcesBuildPhase section */

/* Begin PBXSourcesBuildPhase section */
		D253E1E02BF0DED10016E19E /* Sources */ = {
			isa = PBXSourcesBuildPhase;
			buildActionMask = 2147483647;
			files = (
				D253E1EC2BF0DED10016E19E /* ViewController.swift in Sources */,
				D253E1E82BF0DED10016E19E /* AppDelegate.swift in Sources */,
				D253E1EA2BF0DED10016E19E /* SceneDelegate.swift in Sources */,
			);
			runOnlyForDeploymentPostprocessing = 0;
		};
		D253E1F62BF0DED40016E19E /* Sources */ = {
			isa = PBXSourcesBuildPhase;
			buildActionMask = 2147483647;
			files = (
				D253E1FF2BF0DED40016E19E /* UIKit_IntroTests.swift in Sources */,
			);
			runOnlyForDeploymentPostprocessing = 0;
		};
		D253E2002BF0DED40016E19E /* Sources */ = {
			isa = PBXSourcesBuildPhase;
			buildActionMask = 2147483647;
			files = (
				D253E20B2BF0DED40016E19E /* UIKit_IntroUITestsLaunchTests.swift in Sources */,
				D253E2092BF0DED40016E19E /* UIKit_IntroUITests.swift in Sources */,
			);
			runOnlyForDeploymentPostprocessing = 0;
		};
/* End PBXSourcesBuildPhase section */

/* Begin PBXTargetDependency section */
		D253E1FC2BF0DED40016E19E /* PBXTargetDependency */ = {
			isa = PBXTargetDependency;
			target = D253E1E32BF0DED10016E19E /* UIKit-Intro */;
			targetProxy = D253E1FB2BF0DED40016E19E /* PBXContainerItemProxy */;
		};
		D253E2062BF0DED40016E19E /* PBXTargetDependency */ = {
			isa = PBXTargetDependency;
			target = D253E1E32BF0DED10016E19E /* UIKit-Intro */;
			targetProxy = D253E2052BF0DED40016E19E /* PBXContainerItemProxy */;
		};
/* End PBXTargetDependency section */

/* Begin PBXVariantGroup section */
		D253E1ED2BF0DED10016E19E /* Main.storyboard */ = {
			isa = PBXVariantGroup;
			children = (
				D253E1EE2BF0DED10016E19E /* Base */,
			);
			name = Main.storyboard;
			sourceTree = "<group>";
		};
		D253E1F22BF0DED30016E19E /* LaunchScreen.storyboard */ = {
			isa = PBXVariantGroup;
			children = (
				D253E1F32BF0DED30016E19E /* Base */,
			);
			name = LaunchScreen.storyboard;
			sourceTree = "<group>";
		};
/* End PBXVariantGroup section */

/* Begin XCBuildConfiguration section */
		D253E20C2BF0DED40016E19E /* Debug */ = {
			isa = XCBuildConfiguration;
			buildSettings = {
				ALWAYS_SEARCH_USER_PATHS = NO;
				ASSETCATALOG_COMPILER_GENERATE_SWIFT_ASSET_SYMBOL_EXTENSIONS = YES;
				CLANG_ANALYZER_NONNULL = YES;
				CLANG_ANALYZER_NUMBER_OBJECT_CONVERSION = YES_AGGRESSIVE;
				CLANG_CXX_LANGUAGE_STANDARD = "gnu++20";
				CLANG_ENABLE_MODULES = YES;
				CLANG_ENABLE_OBJC_ARC = YES;
				CLANG_ENABLE_OBJC_WEAK = YES;
				CLANG_WARN_BLOCK_CAPTURE_AUTORELEASING = YES;
				CLANG_WARN_BOOL_CONVERSION = YES;
				CLANG_WARN_COMMA = YES;
				CLANG_WARN_CONSTANT_CONVERSION = YES;
				CLANG_WARN_DEPRECATED_OBJC_IMPLEMENTATIONS = YES;
				CLANG_WARN_DIRECT_OBJC_ISA_USAGE = YES_ERROR;
				CLANG_WARN_DOCUMENTATION_COMMENTS = YES;
				CLANG_WARN_EMPTY_BODY = YES;
				CLANG_WARN_ENUM_CONVERSION = YES;
				CLANG_WARN_INFINITE_RECURSION = YES;
				CLANG_WARN_INT_CONVERSION = YES;
				CLANG_WARN_NON_LITERAL_NULL_CONVERSION = YES;
				CLANG_WARN_OBJC_IMPLICIT_RETAIN_SELF = YES;
				CLANG_WARN_OBJC_LITERAL_CONVERSION = YES;
				CLANG_WARN_OBJC_ROOT_CLASS = YES_ERROR;
				CLANG_WARN_QUOTED_INCLUDE_IN_FRAMEWORK_HEADER = YES;
				CLANG_WARN_RANGE_LOOP_ANALYSIS = YES;
				CLANG_WARN_STRICT_PROTOTYPES = YES;
				CLANG_WARN_SUSPICIOUS_MOVE = YES;
				CLANG_WARN_UNGUARDED_AVAILABILITY = YES_AGGRESSIVE;
				CLANG_WARN_UNREACHABLE_CODE = YES;
				CLANG_WARN__DUPLICATE_METHOD_MATCH = YES;
				COPY_PHASE_STRIP = NO;
				DEBUG_INFORMATION_FORMAT = dwarf;
				ENABLE_STRICT_OBJC_MSGSEND = YES;
				ENABLE_TESTABILITY = YES;
				ENABLE_USER_SCRIPT_SANDBOXING = YES;
				GCC_C_LANGUAGE_STANDARD = gnu17;
				GCC_DYNAMIC_NO_PIC = NO;
				GCC_NO_COMMON_BLOCKS = YES;
				GCC_OPTIMIZATION_LEVEL = 0;
				GCC_PREPROCESSOR_DEFINITIONS = (
					"DEBUG=1",
					"$(inherited)",
				);
				GCC_WARN_64_TO_32_BIT_CONVERSION = YES;
				GCC_WARN_ABOUT_RETURN_TYPE = YES_ERROR;
				GCC_WARN_UNDECLARED_SELECTOR = YES;
				GCC_WARN_UNINITIALIZED_AUTOS = YES_AGGRESSIVE;
				GCC_WARN_UNUSED_FUNCTION = YES;
				GCC_WARN_UNUSED_VARIABLE = YES;
				IPHONEOS_DEPLOYMENT_TARGET = 17.2;
				LOCALIZATION_PREFERS_STRING_CATALOGS = YES;
				MTL_ENABLE_DEBUG_INFO = INCLUDE_SOURCE;
				MTL_FAST_MATH = YES;
				ONLY_ACTIVE_ARCH = YES;
				SDKROOT = iphoneos;
				SWIFT_ACTIVE_COMPILATION_CONDITIONS = "DEBUG $(inherited)";
				SWIFT_OPTIMIZATION_LEVEL = "-Onone";
			};
			name = Debug;
		};
		D253E20D2BF0DED40016E19E /* Release */ = {
			isa = XCBuildConfiguration;
			buildSettings = {
				ALWAYS_SEARCH_USER_PATHS = NO;
				ASSETCATALOG_COMPILER_GENERATE_SWIFT_ASSET_SYMBOL_EXTENSIONS = YES;
				CLANG_ANALYZER_NONNULL = YES;
				CLANG_ANALYZER_NUMBER_OBJECT_CONVERSION = YES_AGGRESSIVE;
				CLANG_CXX_LANGUAGE_STANDARD = "gnu++20";
				CLANG_ENABLE_MODULES = YES;
				CLANG_ENABLE_OBJC_ARC = YES;
				CLANG_ENABLE_OBJC_WEAK = YES;
				CLANG_WARN_BLOCK_CAPTURE_AUTORELEASING = YES;
				CLANG_WARN_BOOL_CONVERSION = YES;
				CLANG_WARN_COMMA = YES;
				CLANG_WARN_CONSTANT_CONVERSION = YES;
				CLANG_WARN_DEPRECATED_OBJC_IMPLEMENTATIONS = YES;
				CLANG_WARN_DIRECT_OBJC_ISA_USAGE = YES_ERROR;
				CLANG_WARN_DOCUMENTATION_COMMENTS = YES;
				CLANG_WARN_EMPTY_BODY = YES;
				CLANG_WARN_ENUM_CONVERSION = YES;
				CLANG_WARN_INFINITE_RECURSION = YES;
				CLANG_WARN_INT_CONVERSION = YES;
				CLANG_WARN_NON_LITERAL_NULL_CONVERSION = YES;
				CLANG_WARN_OBJC_IMPLICIT_RETAIN_SELF = YES;
				CLANG_WARN_OBJC_LITERAL_CONVERSION = YES;
				CLANG_WARN_OBJC_ROOT_CLASS = YES_ERROR;
				CLANG_WARN_QUOTED_INCLUDE_IN_FRAMEWORK_HEADER = YES;
				CLANG_WARN_RANGE_LOOP_ANALYSIS = YES;
				CLANG_WARN_STRICT_PROTOTYPES = YES;
				CLANG_WARN_SUSPICIOUS_MOVE = YES;
				CLANG_WARN_UNGUARDED_AVAILABILITY = YES_AGGRESSIVE;
				CLANG_WARN_UNREACHABLE_CODE = YES;
				CLANG_WARN__DUPLICATE_METHOD_MATCH = YES;
				COPY_PHASE_STRIP = NO;
				DEBUG_INFORMATION_FORMAT = "dwarf-with-dsym";
				ENABLE_NS_ASSERTIONS = NO;
				ENABLE_STRICT_OBJC_MSGSEND = YES;
				ENABLE_USER_SCRIPT_SANDBOXING = YES;
				GCC_C_LANGUAGE_STANDARD = gnu17;
				GCC_NO_COMMON_BLOCKS = YES;
				GCC_WARN_64_TO_32_BIT_CONVERSION = YES;
				GCC_WARN_ABOUT_RETURN_TYPE = YES_ERROR;
				GCC_WARN_UNDECLARED_SELECTOR = YES;
				GCC_WARN_UNINITIALIZED_AUTOS = YES_AGGRESSIVE;
				GCC_WARN_UNUSED_FUNCTION = YES;
				GCC_WARN_UNUSED_VARIABLE = YES;
				IPHONEOS_DEPLOYMENT_TARGET = 17.2;
				LOCALIZATION_PREFERS_STRING_CATALOGS = YES;
				MTL_ENABLE_DEBUG_INFO = NO;
				MTL_FAST_MATH = YES;
				SDKROOT = iphoneos;
				SWIFT_COMPILATION_MODE = wholemodule;
				VALIDATE_PRODUCT = YES;
			};
			name = Release;
		};
		D253E20F2BF0DED40016E19E /* Debug */ = {
			isa = XCBuildConfiguration;
			buildSettings = {
				ASSETCATALOG_COMPILER_APPICON_NAME = AppIcon;
				ASSETCATALOG_COMPILER_GLOBAL_ACCENT_COLOR_NAME = AccentColor;
				CODE_SIGN_STYLE = Automatic;
				CURRENT_PROJECT_VERSION = 1;
				DEVELOPMENT_TEAM = AQTAR6Z59Y;
				GENERATE_INFOPLIST_FILE = YES;
				INFOPLIST_FILE = "UIKit-Intro/Info.plist";
				INFOPLIST_KEY_UIApplicationSupportsIndirectInputEvents = YES;
				INFOPLIST_KEY_UILaunchStoryboardName = LaunchScreen;
				INFOPLIST_KEY_UIMainStoryboardFile = Main;
				INFOPLIST_KEY_UISupportedInterfaceOrientations_iPad = "UIInterfaceOrientationPortrait UIInterfaceOrientationPortraitUpsideDown UIInterfaceOrientationLandscapeLeft UIInterfaceOrientationLandscapeRight";
				INFOPLIST_KEY_UISupportedInterfaceOrientations_iPhone = "UIInterfaceOrientationPortrait UIInterfaceOrientationLandscapeLeft UIInterfaceOrientationLandscapeRight";
				LD_RUNPATH_SEARCH_PATHS = (
					"$(inherited)",
					"@executable_path/Frameworks",
				);
				MARKETING_VERSION = 1.0;
				PRODUCT_BUNDLE_IDENTIFIER = "name.zaidkhan.UIKit-Intro";
				PRODUCT_NAME = "$(TARGET_NAME)";
				SWIFT_EMIT_LOC_STRINGS = YES;
				SWIFT_VERSION = 5.0;
				TARGETED_DEVICE_FAMILY = "1,2";
			};
			name = Debug;
		};
		D253E2102BF0DED40016E19E /* Release */ = {
			isa = XCBuildConfiguration;
			buildSettings = {
				ASSETCATALOG_COMPILER_APPICON_NAME = AppIcon;
				ASSETCATALOG_COMPILER_GLOBAL_ACCENT_COLOR_NAME = AccentColor;
				CODE_SIGN_STYLE = Automatic;
				CURRENT_PROJECT_VERSION = 1;
				DEVELOPMENT_TEAM = AQTAR6Z59Y;
				GENERATE_INFOPLIST_FILE = YES;
				INFOPLIST_FILE = "UIKit-Intro/Info.plist";
				INFOPLIST_KEY_UIApplicationSupportsIndirectInputEvents = YES;
				INFOPLIST_KEY_UILaunchStoryboardName = LaunchScreen;
				INFOPLIST_KEY_UIMainStoryboardFile = Main;
				INFOPLIST_KEY_UISupportedInterfaceOrientations_iPad = "UIInterfaceOrientationPortrait UIInterfaceOrientationPortraitUpsideDown UIInterfaceOrientationLandscapeLeft UIInterfaceOrientationLandscapeRight";
				INFOPLIST_KEY_UISupportedInterfaceOrientations_iPhone = "UIInterfaceOrientationPortrait UIInterfaceOrientationLandscapeLeft UIInterfaceOrientationLandscapeRight";
				LD_RUNPATH_SEARCH_PATHS = (
					"$(inherited)",
					"@executable_path/Frameworks",
				);
				MARKETING_VERSION = 1.0;
				PRODUCT_BUNDLE_IDENTIFIER = "name.zaidkhan.UIKit-Intro";
				PRODUCT_NAME = "$(TARGET_NAME)";
				SWIFT_EMIT_LOC_STRINGS = YES;
				SWIFT_VERSION = 5.0;
				TARGETED_DEVICE_FAMILY = "1,2";
			};
			name = Release;
		};
		D253E2122BF0DED40016E19E /* Debug */ = {
			isa = XCBuildConfiguration;
			buildSettings = {
				ALWAYS_EMBED_SWIFT_STANDARD_LIBRARIES = YES;
				BUNDLE_LOADER = "$(TEST_HOST)";
				CODE_SIGN_STYLE = Automatic;
				CURRENT_PROJECT_VERSION = 1;
				DEVELOPMENT_TEAM = AQTAR6Z59Y;
				GENERATE_INFOPLIST_FILE = YES;
				IPHONEOS_DEPLOYMENT_TARGET = 17.2;
				MARKETING_VERSION = 1.0;
				PRODUCT_BUNDLE_IDENTIFIER = "name.zaidkhan.UIKit-IntroTests";
				PRODUCT_NAME = "$(TARGET_NAME)";
				SWIFT_EMIT_LOC_STRINGS = NO;
				SWIFT_VERSION = 5.0;
				TARGETED_DEVICE_FAMILY = "1,2";
				TEST_HOST = "$(BUILT_PRODUCTS_DIR)/UIKit-Intro.app/$(BUNDLE_EXECUTABLE_FOLDER_PATH)/UIKit-Intro";
			};
			name = Debug;
		};
		D253E2132BF0DED40016E19E /* Release */ = {
			isa = XCBuildConfiguration;
			buildSettings = {
				ALWAYS_EMBED_SWIFT_STANDARD_LIBRARIES = YES;
				BUNDLE_LOADER = "$(TEST_HOST)";
				CODE_SIGN_STYLE = Automatic;
				CURRENT_PROJECT_VERSION = 1;
				DEVELOPMENT_TEAM = AQTAR6Z59Y;
				GENERATE_INFOPLIST_FILE = YES;
				IPHONEOS_DEPLOYMENT_TARGET = 17.2;
				MARKETING_VERSION = 1.0;
				PRODUCT_BUNDLE_IDENTIFIER = "name.zaidkhan.UIKit-IntroTests";
				PRODUCT_NAME = "$(TARGET_NAME)";
				SWIFT_EMIT_LOC_STRINGS = NO;
				SWIFT_VERSION = 5.0;
				TARGETED_DEVICE_FAMILY = "1,2";
				TEST_HOST = "$(BUILT_PRODUCTS_DIR)/UIKit-Intro.app/$(BUNDLE_EXECUTABLE_FOLDER_PATH)/UIKit-Intro";
			};
			name = Release;
		};
		D253E2152BF0DED40016E19E /* Debug */ = {
			isa = XCBuildConfiguration;
			buildSettings = {
				ALWAYS_EMBED_SWIFT_STANDARD_LIBRARIES = YES;
				CODE_SIGN_STYLE = Automatic;
				CURRENT_PROJECT_VERSION = 1;
				DEVELOPMENT_TEAM = AQTAR6Z59Y;
				GENERATE_INFOPLIST_FILE = YES;
				MARKETING_VERSION = 1.0;
				PRODUCT_BUNDLE_IDENTIFIER = "name.zaidkhan.UIKit-IntroUITests";
				PRODUCT_NAME = "$(TARGET_NAME)";
				SWIFT_EMIT_LOC_STRINGS = NO;
				SWIFT_VERSION = 5.0;
				TARGETED_DEVICE_FAMILY = "1,2";
				TEST_TARGET_NAME = "UIKit-Intro";
			};
			name = Debug;
		};
		D253E2162BF0DED40016E19E /* Release */ = {
			isa = XCBuildConfiguration;
			buildSettings = {
				ALWAYS_EMBED_SWIFT_STANDARD_LIBRARIES = YES;
				CODE_SIGN_STYLE = Automatic;
				CURRENT_PROJECT_VERSION = 1;
				DEVELOPMENT_TEAM = AQTAR6Z59Y;
				GENERATE_INFOPLIST_FILE = YES;
				MARKETING_VERSION = 1.0;
				PRODUCT_BUNDLE_IDENTIFIER = "name.zaidkhan.UIKit-IntroUITests";
				PRODUCT_NAME = "$(TARGET_NAME)";
				SWIFT_EMIT_LOC_STRINGS = NO;
				SWIFT_VERSION = 5.0;
				TARGETED_DEVICE_FAMILY = "1,2";
				TEST_TARGET_NAME = "UIKit-Intro";
			};
			name = Release;
		};
/* End XCBuildConfiguration section */

/* Begin XCConfigurationList section */
		D253E1DF2BF0DED10016E19E /* Build configuration list for PBXProject "UIKit-Intro" */ = {
			isa = XCConfigurationList;
			buildConfigurations = (
				D253E20C2BF0DED40016E19E /* Debug */,
				D253E20D2BF0DED40016E19E /* Release */,
			);
			defaultConfigurationIsVisible = 0;
			defaultConfigurationName = Release;
		};
		D253E20E2BF0DED40016E19E /* Build configuration list for PBXNativeTarget "UIKit-Intro" */ = {
			isa = XCConfigurationList;
			buildConfigurations = (
				D253E20F2BF0DED40016E19E /* Debug */,
				D253E2102BF0DED40016E19E /* Release */,
			);
			defaultConfigurationIsVisible = 0;
			defaultConfigurationName = Release;
		};
		D253E2112BF0DED40016E19E /* Build configuration list for PBXNativeTarget "UIKit-IntroTests" */ = {
			isa = XCConfigurationList;
			buildConfigurations = (
				D253E2122BF0DED40016E19E /* Debug */,
				D253E2132BF0DED40016E19E /* Release */,
			);
			defaultConfigurationIsVisible = 0;
			defaultConfigurationName = Release;
		};
		D253E2142BF0DED40016E19E /* Build configuration list for PBXNativeTarget "UIKit-IntroUITests" */ = {
			isa = XCConfigurationList;
			buildConfigurations = (
				D253E2152BF0DED40016E19E /* Debug */,
				D253E2162BF0DED40016E19E /* Release */,
			);
			defaultConfigurationIsVisible = 0;
			defaultConfigurationName = Release;
		};
/* End XCConfigurationList section */
	};
	rootObject = D253E1DC2BF0DED10016E19E /* Project object */;
}
