// !$*UTF8*$!
{
	archiveVersion = 1;
	classes = {
	};
	objectVersion = 56;
	objects = {

/* Begin PBXBuildFile section */
		D299639D2BFCB5340058D510 /* AppDelegate.swift in Sources */ = {isa = PBXBuildFile; fileRef = D299639C2BFCB5340058D510 /* AppDelegate.swift */; };
		D299639F2BFCB5340058D510 /* SceneDelegate.swift in Sources */ = {isa = PBXBuildFile; fileRef = D299639E2BFCB5340058D510 /* SceneDelegate.swift */; };
		D29963A42BFCB5340058D510 /* Main.storyboard in Resources */ = {isa = PBXBuildFile; fileRef = D29963A22BFCB5340058D510 /* Main.storyboard */; };
		D29963A62BFCB5360058D510 /* Assets.xcassets in Resources */ = {isa = PBXBuildFile; fileRef = D29963A52BFCB5360058D510 /* Assets.xcassets */; };
		D29963A92BFCB5360058D510 /* LaunchScreen.storyboard in Resources */ = {isa = PBXBuildFile; fileRef = D29963A72BFCB5360058D510 /* LaunchScreen.storyboard */; };
		D29963B42BFCB5360058D510 /* Card_WorkoutTests.swift in Sources */ = {isa = PBXBuildFile; fileRef = D29963B32BFCB5360058D510 /* Card_WorkoutTests.swift */; };
		D29963BE2BFCB5360058D510 /* Card_WorkoutUITests.swift in Sources */ = {isa = PBXBuildFile; fileRef = D29963BD2BFCB5360058D510 /* Card_WorkoutUITests.swift */; };
		D29963C02BFCB5360058D510 /* Card_WorkoutUITestsLaunchTests.swift in Sources */ = {isa = PBXBuildFile; fileRef = D29963BF2BFCB5360058D510 /* Card_WorkoutUITestsLaunchTests.swift */; };
		D29963CD2BFCB5630058D510 /* CardSelectionVC.swift in Sources */ = {isa = PBXBuildFile; fileRef = D29963CC2BFCB5630058D510 /* CardSelectionVC.swift */; };
/* End PBXBuildFile section */

/* Begin PBXContainerItemProxy section */
		D29963B02BFCB5360058D510 /* PBXContainerItemProxy */ = {
			isa = PBXContainerItemProxy;
			containerPortal = D29963912BFCB5340058D510 /* Project object */;
			proxyType = 1;
			remoteGlobalIDString = D29963982BFCB5340058D510;
			remoteInfo = "Card Workout";
		};
		D29963BA2BFCB5360058D510 /* PBXContainerItemProxy */ = {
			isa = PBXContainerItemProxy;
			containerPortal = D29963912BFCB5340058D510 /* Project object */;
			proxyType = 1;
			remoteGlobalIDString = D29963982BFCB5340058D510;
			remoteInfo = "Card Workout";
		};
/* End PBXContainerItemProxy section */

/* Begin PBXFileReference section */
		D29963992BFCB5340058D510 /* Card Workout.app */ = {isa = PBXFileReference; explicitFileType = wrapper.application; includeInIndex = 0; path = "Card Workout.app"; sourceTree = BUILT_PRODUCTS_DIR; };
		D299639C2BFCB5340058D510 /* AppDelegate.swift */ = {isa = PBXFileReference; lastKnownFileType = sourcecode.swift; path = AppDelegate.swift; sourceTree = "<group>"; };
		D299639E2BFCB5340058D510 /* SceneDelegate.swift */ = {isa = PBXFileReference; lastKnownFileType = sourcecode.swift; path = SceneDelegate.swift; sourceTree = "<group>"; };
		D29963A32BFCB5340058D510 /* Base */ = {isa = PBXFileReference; lastKnownFileType = file.storyboard; name = Base; path = Base.lproj/Main.storyboard; sourceTree = "<group>"; };
		D29963A52BFCB5360058D510 /* Assets.xcassets */ = {isa = PBXFileReference; lastKnownFileType = folder.assetcatalog; path = Assets.xcassets; sourceTree = "<group>"; };
		D29963A82BFCB5360058D510 /* Base */ = {isa = PBXFileReference; lastKnownFileType = file.storyboard; name = Base; path = Base.lproj/LaunchScreen.storyboard; sourceTree = "<group>"; };
		D29963AA2BFCB5360058D510 /* Info.plist */ = {isa = PBXFileReference; lastKnownFileType = text.plist.xml; path = Info.plist; sourceTree = "<group>"; };
		D29963AF2BFCB5360058D510 /* Card WorkoutTests.xctest */ = {isa = PBXFileReference; explicitFileType = wrapper.cfbundle; includeInIndex = 0; path = "Card WorkoutTests.xctest"; sourceTree = BUILT_PRODUCTS_DIR; };
		D29963B32BFCB5360058D510 /* Card_WorkoutTests.swift */ = {isa = PBXFileReference; lastKnownFileType = sourcecode.swift; path = Card_WorkoutTests.swift; sourceTree = "<group>"; };
		D29963B92BFCB5360058D510 /* Card WorkoutUITests.xctest */ = {isa = PBXFileReference; explicitFileType = wrapper.cfbundle; includeInIndex = 0; path = "Card WorkoutUITests.xctest"; sourceTree = BUILT_PRODUCTS_DIR; };
		D29963BD2BFCB5360058D510 /* Card_WorkoutUITests.swift */ = {isa = PBXFileReference; lastKnownFileType = sourcecode.swift; path = Card_WorkoutUITests.swift; sourceTree = "<group>"; };
		D29963BF2BFCB5360058D510 /* Card_WorkoutUITestsLaunchTests.swift */ = {isa = PBXFileReference; lastKnownFileType = sourcecode.swift; path = Card_WorkoutUITestsLaunchTests.swift; sourceTree = "<group>"; };
		D29963CC2BFCB5630058D510 /* CardSelectionVC.swift */ = {isa = PBXFileReference; lastKnownFileType = sourcecode.swift; path = CardSelectionVC.swift; sourceTree = "<group>"; };
/* End PBXFileReference section */

/* Begin PBXFrameworksBuildPhase section */
		D29963962BFCB5340058D510 /* Frameworks */ = {
			isa = PBXFrameworksBuildPhase;
			buildActionMask = 2147483647;
			files = (
			);
			runOnlyForDeploymentPostprocessing = 0;
		};
		D29963AC2BFCB5360058D510 /* Frameworks */ = {
			isa = PBXFrameworksBuildPhase;
			buildActionMask = 2147483647;
			files = (
			);
			runOnlyForDeploymentPostprocessing = 0;
		};
		D29963B62BFCB5360058D510 /* Frameworks */ = {
			isa = PBXFrameworksBuildPhase;
			buildActionMask = 2147483647;
			files = (
			);
			runOnlyForDeploymentPostprocessing = 0;
		};
/* End PBXFrameworksBuildPhase section */

/* Begin PBXGroup section */
		D29963902BFCB5340058D510 = {
			isa = PBXGroup;
			children = (
				D299639B2BFCB5340058D510 /* Card Workout */,
				D29963B22BFCB5360058D510 /* Card WorkoutTests */,
				D29963BC2BFCB5360058D510 /* Card WorkoutUITests */,
				D299639A2BFCB5340058D510 /* Products */,
			);
			sourceTree = "<group>";
		};
		D299639A2BFCB5340058D510 /* Products */ = {
			isa = PBXGroup;
			children = (
				D29963992BFCB5340058D510 /* Card Workout.app */,
				D29963AF2BFCB5360058D510 /* Card WorkoutTests.xctest */,
				D29963B92BFCB5360058D510 /* Card WorkoutUITests.xctest */,
			);
			name = Products;
			sourceTree = "<group>";
		};
		D299639B2BFCB5340058D510 /* Card Workout */ = {
			isa = PBXGroup;
			children = (
				D299639C2BFCB5340058D510 /* AppDelegate.swift */,
				D299639E2BFCB5340058D510 /* SceneDelegate.swift */,
				D29963CC2BFCB5630058D510 /* CardSelectionVC.swift */,
				D29963A22BFCB5340058D510 /* Main.storyboard */,
				D29963A52BFCB5360058D510 /* Assets.xcassets */,
				D29963A72BFCB5360058D510 /* LaunchScreen.storyboard */,
				D29963AA2BFCB5360058D510 /* Info.plist */,
			);
			path = "Card Workout";
			sourceTree = "<group>";
		};
		D29963B22BFCB5360058D510 /* Card WorkoutTests */ = {
			isa = PBXGroup;
			children = (
				D29963B32BFCB5360058D510 /* Card_WorkoutTests.swift */,
			);
			path = "Card WorkoutTests";
			sourceTree = "<group>";
		};
		D29963BC2BFCB5360058D510 /* Card WorkoutUITests */ = {
			isa = PBXGroup;
			children = (
				D29963BD2BFCB5360058D510 /* Card_WorkoutUITests.swift */,
				D29963BF2BFCB5360058D510 /* Card_WorkoutUITestsLaunchTests.swift */,
			);
			path = "Card WorkoutUITests";
			sourceTree = "<group>";
		};
/* End PBXGroup section */

/* Begin PBXNativeTarget section */
		D29963982BFCB5340058D510 /* Card Workout */ = {
			isa = PBXNativeTarget;
			buildConfigurationList = D29963C32BFCB5360058D510 /* Build configuration list for PBXNativeTarget "Card Workout" */;
			buildPhases = (
				D29963952BFCB5340058D510 /* Sources */,
				D29963962BFCB5340058D510 /* Frameworks */,
				D29963972BFCB5340058D510 /* Resources */,
			);
			buildRules = (
			);
			dependencies = (
			);
			name = "Card Workout";
			productName = "Card Workout";
			productReference = D29963992BFCB5340058D510 /* Card Workout.app */;
			productType = "com.apple.product-type.application";
		};
		D29963AE2BFCB5360058D510 /* Card WorkoutTests */ = {
			isa = PBXNativeTarget;
			buildConfigurationList = D29963C62BFCB5360058D510 /* Build configuration list for PBXNativeTarget "Card WorkoutTests" */;
			buildPhases = (
				D29963AB2BFCB5360058D510 /* Sources */,
				D29963AC2BFCB5360058D510 /* Frameworks */,
				D29963AD2BFCB5360058D510 /* Resources */,
			);
			buildRules = (
			);
			dependencies = (
				D29963B12BFCB5360058D510 /* PBXTargetDependency */,
			);
			name = "Card WorkoutTests";
			productName = "Card WorkoutTests";
			productReference = D29963AF2BFCB5360058D510 /* Card WorkoutTests.xctest */;
			productType = "com.apple.product-type.bundle.unit-test";
		};
		D29963B82BFCB5360058D510 /* Card WorkoutUITests */ = {
			isa = PBXNativeTarget;
			buildConfigurationList = D29963C92BFCB5360058D510 /* Build configuration list for PBXNativeTarget "Card WorkoutUITests" */;
			buildPhases = (
				D29963B52BFCB5360058D510 /* Sources */,
				D29963B62BFCB5360058D510 /* Frameworks */,
				D29963B72BFCB5360058D510 /* Resources */,
			);
			buildRules = (
			);
			dependencies = (
				D29963BB2BFCB5360058D510 /* PBXTargetDependency */,
			);
			name = "Card WorkoutUITests";
			productName = "Card WorkoutUITests";
			productReference = D29963B92BFCB5360058D510 /* Card WorkoutUITests.xctest */;
			productType = "com.apple.product-type.bundle.ui-testing";
		};
/* End PBXNativeTarget section */

/* Begin PBXProject section */
		D29963912BFCB5340058D510 /* Project object */ = {
			isa = PBXProject;
			attributes = {
				BuildIndependentTargetsInParallel = 1;
				LastSwiftUpdateCheck = 1520;
				LastUpgradeCheck = 1520;
				TargetAttributes = {
					D29963982BFCB5340058D510 = {
						CreatedOnToolsVersion = 15.2;
					};
					D29963AE2BFCB5360058D510 = {
						CreatedOnToolsVersion = 15.2;
						TestTargetID = D29963982BFCB5340058D510;
					};
					D29963B82BFCB5360058D510 = {
						CreatedOnToolsVersion = 15.2;
						TestTargetID = D29963982BFCB5340058D510;
					};
				};
			};
			buildConfigurationList = D29963942BFCB5340058D510 /* Build configuration list for PBXProject "Card Workout" */;
			compatibilityVersion = "Xcode 14.0";
			developmentRegion = en;
			hasScannedForEncodings = 0;
			knownRegions = (
				en,
				Base,
			);
			mainGroup = D29963902BFCB5340058D510;
			productRefGroup = D299639A2BFCB5340058D510 /* Products */;
			projectDirPath = "";
			projectRoot = "";
			targets = (
				D29963982BFCB5340058D510 /* Card Workout */,
				D29963AE2BFCB5360058D510 /* Card WorkoutTests */,
				D29963B82BFCB5360058D510 /* Card WorkoutUITests */,
			);
		};
/* End PBXProject section */

/* Begin PBXResourcesBuildPhase section */
		D29963972BFCB5340058D510 /* Resources */ = {
			isa = PBXResourcesBuildPhase;
			buildActionMask = 2147483647;
			files = (
				D29963A92BFCB5360058D510 /* LaunchScreen.storyboard in Resources */,
				D29963A62BFCB5360058D510 /* Assets.xcassets in Resources */,
				D29963A42BFCB5340058D510 /* Main.storyboard in Resources */,
			);
			runOnlyForDeploymentPostprocessing = 0;
		};
		D29963AD2BFCB5360058D510 /* Resources */ = {
			isa = PBXResourcesBuildPhase;
			buildActionMask = 2147483647;
			files = (
			);
			runOnlyForDeploymentPostprocessing = 0;
		};
		D29963B72BFCB5360058D510 /* Resources */ = {
			isa = PBXResourcesBuildPhase;
			buildActionMask = 2147483647;
			files = (
			);
			runOnlyForDeploymentPostprocessing = 0;
		};
/* End PBXResourcesBuildPhase section */

/* Begin PBXSourcesBuildPhase section */
		D29963952BFCB5340058D510 /* Sources */ = {
			isa = PBXSourcesBuildPhase;
			buildActionMask = 2147483647;
			files = (
				D299639D2BFCB5340058D510 /* AppDelegate.swift in Sources */,
				D299639F2BFCB5340058D510 /* SceneDelegate.swift in Sources */,
				D29963CD2BFCB5630058D510 /* CardSelectionVC.swift in Sources */,
			);
			runOnlyForDeploymentPostprocessing = 0;
		};
		D29963AB2BFCB5360058D510 /* Sources */ = {
			isa = PBXSourcesBuildPhase;
			buildActionMask = 2147483647;
			files = (
				D29963B42BFCB5360058D510 /* Card_WorkoutTests.swift in Sources */,
			);
			runOnlyForDeploymentPostprocessing = 0;
		};
		D29963B52BFCB5360058D510 /* Sources */ = {
			isa = PBXSourcesBuildPhase;
			buildActionMask = 2147483647;
			files = (
				D29963C02BFCB5360058D510 /* Card_WorkoutUITestsLaunchTests.swift in Sources */,
				D29963BE2BFCB5360058D510 /* Card_WorkoutUITests.swift in Sources */,
			);
			runOnlyForDeploymentPostprocessing = 0;
		};
/* End PBXSourcesBuildPhase section */

/* Begin PBXTargetDependency section */
		D29963B12BFCB5360058D510 /* PBXTargetDependency */ = {
			isa = PBXTargetDependency;
			target = D29963982BFCB5340058D510 /* Card Workout */;
			targetProxy = D29963B02BFCB5360058D510 /* PBXContainerItemProxy */;
		};
		D29963BB2BFCB5360058D510 /* PBXTargetDependency */ = {
			isa = PBXTargetDependency;
			target = D29963982BFCB5340058D510 /* Card Workout */;
			targetProxy = D29963BA2BFCB5360058D510 /* PBXContainerItemProxy */;
		};
/* End PBXTargetDependency section */

/* Begin PBXVariantGroup section */
		D29963A22BFCB5340058D510 /* Main.storyboard */ = {
			isa = PBXVariantGroup;
			children = (
				D29963A32BFCB5340058D510 /* Base */,
			);
			name = Main.storyboard;
			sourceTree = "<group>";
		};
		D29963A72BFCB5360058D510 /* LaunchScreen.storyboard */ = {
			isa = PBXVariantGroup;
			children = (
				D29963A82BFCB5360058D510 /* Base */,
			);
			name = LaunchScreen.storyboard;
			sourceTree = "<group>";
		};
/* End PBXVariantGroup section */

/* Begin XCBuildConfiguration section */
		D29963C12BFCB5360058D510 /* Debug */ = {
			isa = XCBuildConfiguration;
			buildSettings = {
				ALWAYS_SEARCH_USER_PATHS = NO;
				ASSETCATALOG_COMPILER_GENERATE_SWIFT_ASSET_SYMBOL_EXTENSIONS = YES;
				CLANG_ANALYZER_NONNULL = YES;
				CLANG_ANALYZER_NUMBER_OBJECT_CONVERSION = YES_AGGRESSIVE;
				CLANG_CXX_LANGUAGE_STANDARD = "gnu++20";
				CLANG_ENABLE_MODULES = YES;
				CLANG_ENABLE_OBJC_ARC = YES;
				CLANG_ENABLE_OBJC_WEAK = YES;
				CLANG_WARN_BLOCK_CAPTURE_AUTORELEASING = YES;
				CLANG_WARN_BOOL_CONVERSION = YES;
				CLANG_WARN_COMMA = YES;
				CLANG_WARN_CONSTANT_CONVERSION = YES;
				CLANG_WARN_DEPRECATED_OBJC_IMPLEMENTATIONS = YES;
				CLANG_WARN_DIRECT_OBJC_ISA_USAGE = YES_ERROR;
				CLANG_WARN_DOCUMENTATION_COMMENTS = YES;
				CLANG_WARN_EMPTY_BODY = YES;
				CLANG_WARN_ENUM_CONVERSION = YES;
				CLANG_WARN_INFINITE_RECURSION = YES;
				CLANG_WARN_INT_CONVERSION = YES;
				CLANG_WARN_NON_LITERAL_NULL_CONVERSION = YES;
				CLANG_WARN_OBJC_IMPLICIT_RETAIN_SELF = YES;
				CLANG_WARN_OBJC_LITERAL_CONVERSION = YES;
				CLANG_WARN_OBJC_ROOT_CLASS = YES_ERROR;
				CLANG_WARN_QUOTED_INCLUDE_IN_FRAMEWORK_HEADER = YES;
				CLANG_WARN_RANGE_LOOP_ANALYSIS = YES;
				CLANG_WARN_STRICT_PROTOTYPES = YES;
				CLANG_WARN_SUSPICIOUS_MOVE = YES;
				CLANG_WARN_UNGUARDED_AVAILABILITY = YES_AGGRESSIVE;
				CLANG_WARN_UNREACHABLE_CODE = YES;
				CLANG_WARN__DUPLICATE_METHOD_MATCH = YES;
				COPY_PHASE_STRIP = NO;
				DEBUG_INFORMATION_FORMAT = dwarf;
				ENABLE_STRICT_OBJC_MSGSEND = YES;
				ENABLE_TESTABILITY = YES;
				ENABLE_USER_SCRIPT_SANDBOXING = YES;
				GCC_C_LANGUAGE_STANDARD = gnu17;
				GCC_DYNAMIC_NO_PIC = NO;
				GCC_NO_COMMON_BLOCKS = YES;
				GCC_OPTIMIZATION_LEVEL = 0;
				GCC_PREPROCESSOR_DEFINITIONS = (
					"DEBUG=1",
					"$(inherited)",
				);
				GCC_WARN_64_TO_32_BIT_CONVERSION = YES;
				GCC_WARN_ABOUT_RETURN_TYPE = YES_ERROR;
				GCC_WARN_UNDECLARED_SELECTOR = YES;
				GCC_WARN_UNINITIALIZED_AUTOS = YES_AGGRESSIVE;
				GCC_WARN_UNUSED_FUNCTION = YES;
				GCC_WARN_UNUSED_VARIABLE = YES;
				IPHONEOS_DEPLOYMENT_TARGET = 17.2;
				LOCALIZATION_PREFERS_STRING_CATALOGS = YES;
				MTL_ENABLE_DEBUG_INFO = INCLUDE_SOURCE;
				MTL_FAST_MATH = YES;
				ONLY_ACTIVE_ARCH = YES;
				SDKROOT = iphoneos;
				SWIFT_ACTIVE_COMPILATION_CONDITIONS = "DEBUG $(inherited)";
				SWIFT_OPTIMIZATION_LEVEL = "-Onone";
			};
			name = Debug;
		};
		D29963C22BFCB5360058D510 /* Release */ = {
			isa = XCBuildConfiguration;
			buildSettings = {
				ALWAYS_SEARCH_USER_PATHS = NO;
				ASSETCATALOG_COMPILER_GENERATE_SWIFT_ASSET_SYMBOL_EXTENSIONS = YES;
				CLANG_ANALYZER_NONNULL = YES;
				CLANG_ANALYZER_NUMBER_OBJECT_CONVERSION = YES_AGGRESSIVE;
				CLANG_CXX_LANGUAGE_STANDARD = "gnu++20";
				CLANG_ENABLE_MODULES = YES;
				CLANG_ENABLE_OBJC_ARC = YES;
				CLANG_ENABLE_OBJC_WEAK = YES;
				CLANG_WARN_BLOCK_CAPTURE_AUTORELEASING = YES;
				CLANG_WARN_BOOL_CONVERSION = YES;
				CLANG_WARN_COMMA = YES;
				CLANG_WARN_CONSTANT_CONVERSION = YES;
				CLANG_WARN_DEPRECATED_OBJC_IMPLEMENTATIONS = YES;
				CLANG_WARN_DIRECT_OBJC_ISA_USAGE = YES_ERROR;
				CLANG_WARN_DOCUMENTATION_COMMENTS = YES;
				CLANG_WARN_EMPTY_BODY = YES;
				CLANG_WARN_ENUM_CONVERSION = YES;
				CLANG_WARN_INFINITE_RECURSION = YES;
				CLANG_WARN_INT_CONVERSION = YES;
				CLANG_WARN_NON_LITERAL_NULL_CONVERSION = YES;
				CLANG_WARN_OBJC_IMPLICIT_RETAIN_SELF = YES;
				CLANG_WARN_OBJC_LITERAL_CONVERSION = YES;
				CLANG_WARN_OBJC_ROOT_CLASS = YES_ERROR;
				CLANG_WARN_QUOTED_INCLUDE_IN_FRAMEWORK_HEADER = YES;
				CLANG_WARN_RANGE_LOOP_ANALYSIS = YES;
				CLANG_WARN_STRICT_PROTOTYPES = YES;
				CLANG_WARN_SUSPICIOUS_MOVE = YES;
				CLANG_WARN_UNGUARDED_AVAILABILITY = YES_AGGRESSIVE;
				CLANG_WARN_UNREACHABLE_CODE = YES;
				CLANG_WARN__DUPLICATE_METHOD_MATCH = YES;
				COPY_PHASE_STRIP = NO;
				DEBUG_INFORMATION_FORMAT = "dwarf-with-dsym";
				ENABLE_NS_ASSERTIONS = NO;
				ENABLE_STRICT_OBJC_MSGSEND = YES;
				ENABLE_USER_SCRIPT_SANDBOXING = YES;
				GCC_C_LANGUAGE_STANDARD = gnu17;
				GCC_NO_COMMON_BLOCKS = YES;
				GCC_WARN_64_TO_32_BIT_CONVERSION = YES;
				GCC_WARN_ABOUT_RETURN_TYPE = YES_ERROR;
				GCC_WARN_UNDECLARED_SELECTOR = YES;
				GCC_WARN_UNINITIALIZED_AUTOS = YES_AGGRESSIVE;
				GCC_WARN_UNUSED_FUNCTION = YES;
				GCC_WARN_UNUSED_VARIABLE = YES;
				IPHONEOS_DEPLOYMENT_TARGET = 17.2;
				LOCALIZATION_PREFERS_STRING_CATALOGS = YES;
				MTL_ENABLE_DEBUG_INFO = NO;
				MTL_FAST_MATH = YES;
				SDKROOT = iphoneos;
				SWIFT_COMPILATION_MODE = wholemodule;
				VALIDATE_PRODUCT = YES;
			};
			name = Release;
		};
		D29963C42BFCB5360058D510 /* Debug */ = {
			isa = XCBuildConfiguration;
			buildSettings = {
				ASSETCATALOG_COMPILER_APPICON_NAME = AppIcon;
				ASSETCATALOG_COMPILER_GLOBAL_ACCENT_COLOR_NAME = AccentColor;
				CODE_SIGN_STYLE = Automatic;
				CURRENT_PROJECT_VERSION = 1;
				DEVELOPMENT_TEAM = AQTAR6Z59Y;
				GENERATE_INFOPLIST_FILE = YES;
				INFOPLIST_FILE = "Card Workout/Info.plist";
				INFOPLIST_KEY_UIApplicationSupportsIndirectInputEvents = YES;
				INFOPLIST_KEY_UILaunchStoryboardName = LaunchScreen;
				INFOPLIST_KEY_UIMainStoryboardFile = Main;
				INFOPLIST_KEY_UISupportedInterfaceOrientations_iPad = "UIInterfaceOrientationPortrait UIInterfaceOrientationPortraitUpsideDown UIInterfaceOrientationLandscapeLeft UIInterfaceOrientationLandscapeRight";
				INFOPLIST_KEY_UISupportedInterfaceOrientations_iPhone = "UIInterfaceOrientationPortrait UIInterfaceOrientationLandscapeLeft UIInterfaceOrientationLandscapeRight";
				LD_RUNPATH_SEARCH_PATHS = (
					"$(inherited)",
					"@executable_path/Frameworks",
				);
				MARKETING_VERSION = 1.0;
				PRODUCT_BUNDLE_IDENTIFIER = "name.zaidkhan.Card-Workout";
				PRODUCT_NAME = "$(TARGET_NAME)";
				SWIFT_EMIT_LOC_STRINGS = YES;
				SWIFT_VERSION = 5.0;
				TARGETED_DEVICE_FAMILY = "1,2";
			};
			name = Debug;
		};
		D29963C52BFCB5360058D510 /* Release */ = {
			isa = XCBuildConfiguration;
			buildSettings = {
				ASSETCATALOG_COMPILER_APPICON_NAME = AppIcon;
				ASSETCATALOG_COMPILER_GLOBAL_ACCENT_COLOR_NAME = AccentColor;
				CODE_SIGN_STYLE = Automatic;
				CURRENT_PROJECT_VERSION = 1;
				DEVELOPMENT_TEAM = AQTAR6Z59Y;
				GENERATE_INFOPLIST_FILE = YES;
				INFOPLIST_FILE = "Card Workout/Info.plist";
				INFOPLIST_KEY_UIApplicationSupportsIndirectInputEvents = YES;
				INFOPLIST_KEY_UILaunchStoryboardName = LaunchScreen;
				INFOPLIST_KEY_UIMainStoryboardFile = Main;
				INFOPLIST_KEY_UISupportedInterfaceOrientations_iPad = "UIInterfaceOrientationPortrait UIInterfaceOrientationPortraitUpsideDown UIInterfaceOrientationLandscapeLeft UIInterfaceOrientationLandscapeRight";
				INFOPLIST_KEY_UISupportedInterfaceOrientations_iPhone = "UIInterfaceOrientationPortrait UIInterfaceOrientationLandscapeLeft UIInterfaceOrientationLandscapeRight";
				LD_RUNPATH_SEARCH_PATHS = (
					"$(inherited)",
					"@executable_path/Frameworks",
				);
				MARKETING_VERSION = 1.0;
				PRODUCT_BUNDLE_IDENTIFIER = "name.zaidkhan.Card-Workout";
				PRODUCT_NAME = "$(TARGET_NAME)";
				SWIFT_EMIT_LOC_STRINGS = YES;
				SWIFT_VERSION = 5.0;
				TARGETED_DEVICE_FAMILY = "1,2";
			};
			name = Release;
		};
		D29963C72BFCB5360058D510 /* Debug */ = {
			isa = XCBuildConfiguration;
			buildSettings = {
				ALWAYS_EMBED_SWIFT_STANDARD_LIBRARIES = YES;
				BUNDLE_LOADER = "$(TEST_HOST)";
				CODE_SIGN_STYLE = Automatic;
				CURRENT_PROJECT_VERSION = 1;
				DEVELOPMENT_TEAM = AQTAR6Z59Y;
				GENERATE_INFOPLIST_FILE = YES;
				IPHONEOS_DEPLOYMENT_TARGET = 17.2;
				MARKETING_VERSION = 1.0;
				PRODUCT_BUNDLE_IDENTIFIER = "name.zaidkhan.Card-WorkoutTests";
				PRODUCT_NAME = "$(TARGET_NAME)";
				SWIFT_EMIT_LOC_STRINGS = NO;
				SWIFT_VERSION = 5.0;
				TARGETED_DEVICE_FAMILY = "1,2";
				TEST_HOST = "$(BUILT_PRODUCTS_DIR)/Card Workout.app/$(BUNDLE_EXECUTABLE_FOLDER_PATH)/Card Workout";
			};
			name = Debug;
		};
		D29963C82BFCB5360058D510 /* Release */ = {
			isa = XCBuildConfiguration;
			buildSettings = {
				ALWAYS_EMBED_SWIFT_STANDARD_LIBRARIES = YES;
				BUNDLE_LOADER = "$(TEST_HOST)";
				CODE_SIGN_STYLE = Automatic;
				CURRENT_PROJECT_VERSION = 1;
				DEVELOPMENT_TEAM = AQTAR6Z59Y;
				GENERATE_INFOPLIST_FILE = YES;
				IPHONEOS_DEPLOYMENT_TARGET = 17.2;
				MARKETING_VERSION = 1.0;
				PRODUCT_BUNDLE_IDENTIFIER = "name.zaidkhan.Card-WorkoutTests";
				PRODUCT_NAME = "$(TARGET_NAME)";
				SWIFT_EMIT_LOC_STRINGS = NO;
				SWIFT_VERSION = 5.0;
				TARGETED_DEVICE_FAMILY = "1,2";
				TEST_HOST = "$(BUILT_PRODUCTS_DIR)/Card Workout.app/$(BUNDLE_EXECUTABLE_FOLDER_PATH)/Card Workout";
			};
			name = Release;
		};
		D29963CA2BFCB5360058D510 /* Debug */ = {
			isa = XCBuildConfiguration;
			buildSettings = {
				ALWAYS_EMBED_SWIFT_STANDARD_LIBRARIES = YES;
				CODE_SIGN_STYLE = Automatic;
				CURRENT_PROJECT_VERSION = 1;
				DEVELOPMENT_TEAM = AQTAR6Z59Y;
				GENERATE_INFOPLIST_FILE = YES;
				MARKETING_VERSION = 1.0;
				PRODUCT_BUNDLE_IDENTIFIER = "name.zaidkhan.Card-WorkoutUITests";
				PRODUCT_NAME = "$(TARGET_NAME)";
				SWIFT_EMIT_LOC_STRINGS = NO;
				SWIFT_VERSION = 5.0;
				TARGETED_DEVICE_FAMILY = "1,2";
				TEST_TARGET_NAME = "Card Workout";
			};
			name = Debug;
		};
		D29963CB2BFCB5360058D510 /* Release */ = {
			isa = XCBuildConfiguration;
			buildSettings = {
				ALWAYS_EMBED_SWIFT_STANDARD_LIBRARIES = YES;
				CODE_SIGN_STYLE = Automatic;
				CURRENT_PROJECT_VERSION = 1;
				DEVELOPMENT_TEAM = AQTAR6Z59Y;
				GENERATE_INFOPLIST_FILE = YES;
				MARKETING_VERSION = 1.0;
				PRODUCT_BUNDLE_IDENTIFIER = "name.zaidkhan.Card-WorkoutUITests";
				PRODUCT_NAME = "$(TARGET_NAME)";
				SWIFT_EMIT_LOC_STRINGS = NO;
				SWIFT_VERSION = 5.0;
				TARGETED_DEVICE_FAMILY = "1,2";
				TEST_TARGET_NAME = "Card Workout";
			};
			name = Release;
		};
/* End XCBuildConfiguration section */

/* Begin XCConfigurationList section */
		D29963942BFCB5340058D510 /* Build configuration list for PBXProject "Card Workout" */ = {
			isa = XCConfigurationList;
			buildConfigurations = (
				D29963C12BFCB5360058D510 /* Debug */,
				D29963C22BFCB5360058D510 /* Release */,
			);
			defaultConfigurationIsVisible = 0;
			defaultConfigurationName = Release;
		};
		D29963C32BFCB5360058D510 /* Build configuration list for PBXNativeTarget "Card Workout" */ = {
			isa = XCConfigurationList;
			buildConfigurations = (
				D29963C42BFCB5360058D510 /* Debug */,
				D29963C52BFCB5360058D510 /* Release */,
			);
			defaultConfigurationIsVisible = 0;
			defaultConfigurationName = Release;
		};
		D29963C62BFCB5360058D510 /* Build configuration list for PBXNativeTarget "Card WorkoutTests" */ = {
			isa = XCConfigurationList;
			buildConfigurations = (
				D29963C72BFCB5360058D510 /* Debug */,
				D29963C82BFCB5360058D510 /* Release */,
			);
			defaultConfigurationIsVisible = 0;
			defaultConfigurationName = Release;
		};
		D29963C92BFCB5360058D510 /* Build configuration list for PBXNativeTarget "Card WorkoutUITests" */ = {
			isa = XCConfigurationList;
			buildConfigurations = (
				D29963CA2BFCB5360058D510 /* Debug */,
				D29963CB2BFCB5360058D510 /* Release */,
			);
			defaultConfigurationIsVisible = 0;
			defaultConfigurationName = Release;
		};
/* End XCConfigurationList section */
	};
	rootObject = D29963912BFCB5340058D510 /* Project object */;
}
